
Microsoft Visual Studio Solution File, Format Version 12.00
# Visual Studio 15
VisualStudioVersion = 15.0.27004.2008
MinimumVisualStudioVersion = 10.0.40219.1
Project("{8BC9CEB8-8B4A-11D0-8D11-00A0C91BC942}") = "e2-3", "e2-3\e2-3.vcxproj", "{08AA6B6F-3A46-47B2-9355-C46BDD144841}"
EndProject
Global
	GlobalSection(SolutionConfigurationPlatforms) = preSolution
		Debug|x64 = Debug|x64
		Debug|x86 = Debug|x86
		Release|x64 = Release|x64
		Release|x86 = Release|x86
	EndGlobalSection
	GlobalSection(ProjectConfigurationPlatforms) = postSolution
		{08AA6B6F-3A46-47B2-9355-C46BDD144841}.Debug|x64.ActiveCfg = Debug|x64
		{08AA6B6F-3A46-47B2-9355-C46BDD144841}.Debug|x64.Build.0 = Debug|x64
		{08AA6B6F-3A46-47B2-9355-C46BDD144841}.Debug|x86.ActiveCfg = Debug|Win32
		{08AA6B6F-3A46-47B2-9355-C46BDD144841}.Debug|x86.Build.0 = Debug|Win32
		{08AA6B6F-3A46-47B2-9355-C46BDD144841}.Release|x64.ActiveCfg = Release|x64
		{08AA6B6F-3A46-47B2-9355-C46BDD144841}.Release|x64.Build.0 = Release|x64
		{08AA6B6F-3A46-47B2-9355-C46BDD144841}.Release|x86.ActiveCfg = Release|Win32
		{08AA6B6F-3A46-47B2-9355-C46BDD144841}.Release|x86.Build.0 = Release|Win32
	EndGlobalSection
	GlobalSection(SolutionProperties) = preSolution
		HideSolutionNode = FALSE
	EndGlobalSection
	GlobalSection(ExtensibilityGlobals) = postSolution
		SolutionGuid = {D43EB457-5AE9-4829-9EFC-66F398EE749F}
	EndGlobalSection
EndGlobal
